
Microsoft Visual Studio Solution File, Format Version 12.00
# Visual Studio Version 17
VisualStudioVersion = 17.4.33205.214
MinimumVisualStudioVersion = 10.0.40219.1
Project("{9A19103F-16F7-4668-BE54-9A1E7A4F7556}") = "Fibonacci", "Fibonacci.csproj", "{77FFB76B-3FA7-462B-B3A9-D1F4A64506B0}"
EndProject
Project("{9A19103F-16F7-4668-BE54-9A1E7A4F7556}") = "Triangle", "..\Ucgen\Triangle.csproj", "{D5C2803C-0BA5-4777-B592-2486B844F28D}"
EndProject
Project("{9A19103F-16F7-4668-BE54-9A1E7A4F7556}") = "Circle", "..\Circle\Circle.csproj", "{EDFCFB23-C0F5-4B49-A5BA-5202754CEE31}"
EndProject
Project("{9A19103F-16F7-4668-BE54-9A1E7A4F7556}") = "Algoritma", "..\Algoritma\Algoritma.csproj", "{97354F92-0E30-42D6-98FC-57669EB1F962}"
EndProject
Project("{9A19103F-16F7-4668-BE54-9A1E7A4F7556}") = "SrtingReverse", "..\SrtingReverse\SrtingReverse.csproj", "{14D6B244-A992-4862-BCA2-804379743BE0}"
EndProject
Project("{9A19103F-16F7-4668-BE54-9A1E7A4F7556}") = "ShapeCalculation", "..\AreaCalculation\ShapeCalculation.csproj", "{8D01CE42-D178-42B5-B1B8-98B395D503F9}"
EndProject
Project("{9A19103F-16F7-4668-BE54-9A1E7A4F7556}") = "SumOfIntegerPairs", "..\SumOfIntegerPairs\SumOfIntegerPairs.csproj", "{F58F37B2-4EDF-47BA-AD8C-3FCF17FF4CB9}"
EndProject
Project("{FAE04EC0-301F-11D3-BF4B-00C04F79EFBC}") = "AbsoluteSquare", "..\AbsoluteSquare\AbsoluteSquare.csproj", "{05A15448-279A-4C83-B477-4EFF15313C5D}"
EndProject
Project("{FAE04EC0-301F-11D3-BF4B-00C04F79EFBC}") = "CharReplace", "..\CharReplace\CharReplace.csproj", "{048ED297-6CA3-45A1-AC5A-C202D207A893}"
EndProject
Project("{FAE04EC0-301F-11D3-BF4B-00C04F79EFBC}") = "Consonant", "..\Consonant\Consonant.csproj", "{FE475DD4-40BA-48A6-88F1-FA662480960C}"
EndProject
Global
	GlobalSection(SolutionConfigurationPlatforms) = preSolution
		Debug|Any CPU = Debug|Any CPU
		Release|Any CPU = Release|Any CPU
	EndGlobalSection
	GlobalSection(ProjectConfigurationPlatforms) = postSolution
		{77FFB76B-3FA7-462B-B3A9-D1F4A64506B0}.Debug|Any CPU.ActiveCfg = Debug|Any CPU
		{77FFB76B-3FA7-462B-B3A9-D1F4A64506B0}.Debug|Any CPU.Build.0 = Debug|Any CPU
		{77FFB76B-3FA7-462B-B3A9-D1F4A64506B0}.Release|Any CPU.ActiveCfg = Release|Any CPU
		{77FFB76B-3FA7-462B-B3A9-D1F4A64506B0}.Release|Any CPU.Build.0 = Release|Any CPU
		{D5C2803C-0BA5-4777-B592-2486B844F28D}.Debug|Any CPU.ActiveCfg = Debug|Any CPU
		{D5C2803C-0BA5-4777-B592-2486B844F28D}.Debug|Any CPU.Build.0 = Debug|Any CPU
		{D5C2803C-0BA5-4777-B592-2486B844F28D}.Release|Any CPU.ActiveCfg = Release|Any CPU
		{D5C2803C-0BA5-4777-B592-2486B844F28D}.Release|Any CPU.Build.0 = Release|Any CPU
		{EDFCFB23-C0F5-4B49-A5BA-5202754CEE31}.Debug|Any CPU.ActiveCfg = Debug|Any CPU
		{EDFCFB23-C0F5-4B49-A5BA-5202754CEE31}.Debug|Any CPU.Build.0 = Debug|Any CPU
		{EDFCFB23-C0F5-4B49-A5BA-5202754CEE31}.Release|Any CPU.ActiveCfg = Release|Any CPU
		{EDFCFB23-C0F5-4B49-A5BA-5202754CEE31}.Release|Any CPU.Build.0 = Release|Any CPU
		{97354F92-0E30-42D6-98FC-57669EB1F962}.Debug|Any CPU.ActiveCfg = Debug|Any CPU
		{97354F92-0E30-42D6-98FC-57669EB1F962}.Debug|Any CPU.Build.0 = Debug|Any CPU
		{97354F92-0E30-42D6-98FC-57669EB1F962}.Release|Any CPU.ActiveCfg = Release|Any CPU
		{97354F92-0E30-42D6-98FC-57669EB1F962}.Release|Any CPU.Build.0 = Release|Any CPU
		{14D6B244-A992-4862-BCA2-804379743BE0}.Debug|Any CPU.ActiveCfg = Debug|Any CPU
		{14D6B244-A992-4862-BCA2-804379743BE0}.Debug|Any CPU.Build.0 = Debug|Any CPU
		{14D6B244-A992-4862-BCA2-804379743BE0}.Release|Any CPU.ActiveCfg = Release|Any CPU
		{14D6B244-A992-4862-BCA2-804379743BE0}.Release|Any CPU.Build.0 = Release|Any CPU
		{8D01CE42-D178-42B5-B1B8-98B395D503F9}.Debug|Any CPU.ActiveCfg = Debug|Any CPU
		{8D01CE42-D178-42B5-B1B8-98B395D503F9}.Debug|Any CPU.Build.0 = Debug|Any CPU
		{8D01CE42-D178-42B5-B1B8-98B395D503F9}.Release|Any CPU.ActiveCfg = Release|Any CPU
		{8D01CE42-D178-42B5-B1B8-98B395D503F9}.Release|Any CPU.Build.0 = Release|Any CPU
		{F58F37B2-4EDF-47BA-AD8C-3FCF17FF4CB9}.Debug|Any CPU.ActiveCfg = Debug|Any CPU
		{F58F37B2-4EDF-47BA-AD8C-3FCF17FF4CB9}.Debug|Any CPU.Build.0 = Debug|Any CPU
		{F58F37B2-4EDF-47BA-AD8C-3FCF17FF4CB9}.Release|Any CPU.ActiveCfg = Release|Any CPU
		{F58F37B2-4EDF-47BA-AD8C-3FCF17FF4CB9}.Release|Any CPU.Build.0 = Release|Any CPU
		{05A15448-279A-4C83-B477-4EFF15313C5D}.Debug|Any CPU.ActiveCfg = Debug|Any CPU
		{05A15448-279A-4C83-B477-4EFF15313C5D}.Debug|Any CPU.Build.0 = Debug|Any CPU
		{05A15448-279A-4C83-B477-4EFF15313C5D}.Release|Any CPU.ActiveCfg = Release|Any CPU
		{05A15448-279A-4C83-B477-4EFF15313C5D}.Release|Any CPU.Build.0 = Release|Any CPU
		{048ED297-6CA3-45A1-AC5A-C202D207A893}.Debug|Any CPU.ActiveCfg = Debug|Any CPU
		{048ED297-6CA3-45A1-AC5A-C202D207A893}.Debug|Any CPU.Build.0 = Debug|Any CPU
		{048ED297-6CA3-45A1-AC5A-C202D207A893}.Release|Any CPU.ActiveCfg = Release|Any CPU
		{048ED297-6CA3-45A1-AC5A-C202D207A893}.Release|Any CPU.Build.0 = Release|Any CPU
		{FE475DD4-40BA-48A6-88F1-FA662480960C}.Debug|Any CPU.ActiveCfg = Debug|Any CPU
		{FE475DD4-40BA-48A6-88F1-FA662480960C}.Debug|Any CPU.Build.0 = Debug|Any CPU
		{FE475DD4-40BA-48A6-88F1-FA662480960C}.Release|Any CPU.ActiveCfg = Release|Any CPU
		{FE475DD4-40BA-48A6-88F1-FA662480960C}.Release|Any CPU.Build.0 = Release|Any CPU
	EndGlobalSection
	GlobalSection(SolutionProperties) = preSolution
		HideSolutionNode = FALSE
	EndGlobalSection
	GlobalSection(ExtensibilityGlobals) = postSolution
		SolutionGuid = {EB952833-C211-45BC-A527-8ECBADA497F0}
	EndGlobalSection
EndGlobal
